
Microsoft Visual Studio Solution File, Format Version 12.00
# Visual Studio Version 16
VisualStudioVersion = 16.0.29306.81
MinimumVisualStudioVersion = 10.0.40219.1
Project("{FAE04EC0-301F-11D3-BF4B-00C04F79EFBC}") = "stock", "stock\stock.csproj", "{A802532F-6611-4CE7-9FF8-50B98A46910E}"
EndProject
Global
	GlobalSection(SolutionConfigurationPlatforms) = preSolution
		Debug|Any CPU = Debug|Any CPU
		Release|Any CPU = Release|Any CPU
	EndGlobalSection
	GlobalSection(ProjectConfigurationPlatforms) = postSolution
		{A802532F-6611-4CE7-9FF8-50B98A46910E}.Debug|Any CPU.ActiveCfg = Debug|Any CPU
		{A802532F-6611-4CE7-9FF8-50B98A46910E}.Debug|Any CPU.Build.0 = Debug|Any CPU
		{A802532F-6611-4CE7-9FF8-50B98A46910E}.Release|Any CPU.ActiveCfg = Release|Any CPU
		{A802532F-6611-4CE7-9FF8-50B98A46910E}.Release|Any CPU.Build.0 = Release|Any CPU
	EndGlobalSection
	GlobalSection(SolutionProperties) = preSolution
		HideSolutionNode = FALSE
	EndGlobalSection
	GlobalSection(ExtensibilityGlobals) = postSolution
		SolutionGuid = {4C41E033-6C33-417E-A161-D71BCEE4DA05}
	EndGlobalSection
EndGlobal
